// !$*UTF8*$!
{
	archiveVersion = 1;
	classes = {
	};
	objectVersion = 46;
	objects = {

/* Begin PBXBuildFile section */
		942BA9E31E655F0900F8DD8D /* AppDelegate.swift in Sources */ = {isa = PBXBuildFile; fileRef = 942BA9E21E655F0900F8DD8D /* AppDelegate.swift */; };
		942BA9E81E655F0900F8DD8D /* Main.storyboard in Resources */ = {isa = PBXBuildFile; fileRef = 942BA9E61E655F0900F8DD8D /* Main.storyboard */; };
		942BA9EA1E655F0900F8DD8D /* Assets.xcassets in Resources */ = {isa = PBXBuildFile; fileRef = 942BA9E91E655F0900F8DD8D /* Assets.xcassets */; };
		942BA9ED1E655F0900F8DD8D /* LaunchScreen.storyboard in Resources */ = {isa = PBXBuildFile; fileRef = 942BA9EB1E655F0900F8DD8D /* LaunchScreen.storyboard */; };
		942BA9F81E655F0900F8DD8D /* MaterialColourPaletteTests.swift in Sources */ = {isa = PBXBuildFile; fileRef = 942BA9F71E655F0900F8DD8D /* MaterialColourPaletteTests.swift */; };
		942BAA031E655F0900F8DD8D /* MaterialColourPaletteUITests.swift in Sources */ = {isa = PBXBuildFile; fileRef = 942BAA021E655F0900F8DD8D /* MaterialColourPaletteUITests.swift */; };
		942BAA111E65601700F8DD8D /* ColourGroupsListTableViewController.swift in Sources */ = {isa = PBXBuildFile; fileRef = 942BAA101E65601700F8DD8D /* ColourGroupsListTableViewController.swift */; };
		942BAA131E65647300F8DD8D /* MaterialColours.swift in Sources */ = {isa = PBXBuildFile; fileRef = 942BAA121E65647300F8DD8D /* MaterialColours.swift */; };
		942BAA151E65800500F8DD8D /* SingleColourPaletteTableViewController.swift in Sources */ = {isa = PBXBuildFile; fileRef = 942BAA141E65800500F8DD8D /* SingleColourPaletteTableViewController.swift */; };
/* End PBXBuildFile section */

/* Begin PBXContainerItemProxy section */
		942BA9F41E655F0900F8DD8D /* PBXContainerItemProxy */ = {
			isa = PBXContainerItemProxy;
			containerPortal = 942BA9D71E655F0900F8DD8D /* Project object */;
			proxyType = 1;
			remoteGlobalIDString = 942BA9DE1E655F0900F8DD8D;
			remoteInfo = MaterialColourPalette;
		};
		942BA9FF1E655F0900F8DD8D /* PBXContainerItemProxy */ = {
			isa = PBXContainerItemProxy;
			containerPortal = 942BA9D71E655F0900F8DD8D /* Project object */;
			proxyType = 1;
			remoteGlobalIDString = 942BA9DE1E655F0900F8DD8D;
			remoteInfo = MaterialColourPalette;
		};
/* End PBXContainerItemProxy section */

/* Begin PBXFileReference section */
		942BA9DF1E655F0900F8DD8D /* MaterialColourPalette.app */ = {isa = PBXFileReference; explicitFileType = wrapper.application; includeInIndex = 0; path = MaterialColourPalette.app; sourceTree = BUILT_PRODUCTS_DIR; };
		942BA9E21E655F0900F8DD8D /* AppDelegate.swift */ = {isa = PBXFileReference; lastKnownFileType = sourcecode.swift; path = AppDelegate.swift; sourceTree = "<group>"; };
		942BA9E71E655F0900F8DD8D /* Base */ = {isa = PBXFileReference; lastKnownFileType = file.storyboard; name = Base; path = Base.lproj/Main.storyboard; sourceTree = "<group>"; };
		942BA9E91E655F0900F8DD8D /* Assets.xcassets */ = {isa = PBXFileReference; lastKnownFileType = folder.assetcatalog; path = Assets.xcassets; sourceTree = "<group>"; };
		942BA9EC1E655F0900F8DD8D /* Base */ = {isa = PBXFileReference; lastKnownFileType = file.storyboard; name = Base; path = Base.lproj/LaunchScreen.storyboard; sourceTree = "<group>"; };
		942BA9EE1E655F0900F8DD8D /* Info.plist */ = {isa = PBXFileReference; lastKnownFileType = text.plist.xml; path = Info.plist; sourceTree = "<group>"; };
		942BA9F31E655F0900F8DD8D /* MaterialColourPaletteTests.xctest */ = {isa = PBXFileReference; explicitFileType = wrapper.cfbundle; includeInIndex = 0; path = MaterialColourPaletteTests.xctest; sourceTree = BUILT_PRODUCTS_DIR; };
		942BA9F71E655F0900F8DD8D /* MaterialColourPaletteTests.swift */ = {isa = PBXFileReference; lastKnownFileType = sourcecode.swift; path = MaterialColourPaletteTests.swift; sourceTree = "<group>"; };
		942BA9F91E655F0900F8DD8D /* Info.plist */ = {isa = PBXFileReference; lastKnownFileType = text.plist.xml; path = Info.plist; sourceTree = "<group>"; };
		942BA9FE1E655F0900F8DD8D /* MaterialColourPaletteUITests.xctest */ = {isa = PBXFileReference; explicitFileType = wrapper.cfbundle; includeInIndex = 0; path = MaterialColourPaletteUITests.xctest; sourceTree = BUILT_PRODUCTS_DIR; };
		942BAA021E655F0900F8DD8D /* MaterialColourPaletteUITests.swift */ = {isa = PBXFileReference; lastKnownFileType = sourcecode.swift; path = MaterialColourPaletteUITests.swift; sourceTree = "<group>"; };
		942BAA041E655F0900F8DD8D /* Info.plist */ = {isa = PBXFileReference; lastKnownFileType = text.plist.xml; path = Info.plist; sourceTree = "<group>"; };
		942BAA101E65601700F8DD8D /* ColourGroupsListTableViewController.swift */ = {isa = PBXFileReference; fileEncoding = 4; lastKnownFileType = sourcecode.swift; path = ColourGroupsListTableViewController.swift; sourceTree = "<group>"; };
		942BAA121E65647300F8DD8D /* MaterialColours.swift */ = {isa = PBXFileReference; fileEncoding = 4; lastKnownFileType = sourcecode.swift; path = MaterialColours.swift; sourceTree = "<group>"; };
		942BAA141E65800500F8DD8D /* SingleColourPaletteTableViewController.swift */ = {isa = PBXFileReference; fileEncoding = 4; lastKnownFileType = sourcecode.swift; path = SingleColourPaletteTableViewController.swift; sourceTree = "<group>"; };
/* End PBXFileReference section */

/* Begin PBXFrameworksBuildPhase section */
		942BA9DC1E655F0900F8DD8D /* Frameworks */ = {
			isa = PBXFrameworksBuildPhase;
			buildActionMask = 2147483647;
			files = (
			);
			runOnlyForDeploymentPostprocessing = 0;
		};
		942BA9F01E655F0900F8DD8D /* Frameworks */ = {
			isa = PBXFrameworksBuildPhase;
			buildActionMask = 2147483647;
			files = (
			);
			runOnlyForDeploymentPostprocessing = 0;
		};
		942BA9FB1E655F0900F8DD8D /* Frameworks */ = {
			isa = PBXFrameworksBuildPhase;
			buildActionMask = 2147483647;
			files = (
			);
			runOnlyForDeploymentPostprocessing = 0;
		};
/* End PBXFrameworksBuildPhase section */

/* Begin PBXGroup section */
		942BA9D61E655F0900F8DD8D = {
			isa = PBXGroup;
			children = (
				942BA9E11E655F0900F8DD8D /* MaterialColourPalette */,
				942BA9F61E655F0900F8DD8D /* MaterialColourPaletteTests */,
				942BAA011E655F0900F8DD8D /* MaterialColourPaletteUITests */,
				942BA9E01E655F0900F8DD8D /* Products */,
			);
			sourceTree = "<group>";
		};
		942BA9E01E655F0900F8DD8D /* Products */ = {
			isa = PBXGroup;
			children = (
				942BA9DF1E655F0900F8DD8D /* MaterialColourPalette.app */,
				942BA9F31E655F0900F8DD8D /* MaterialColourPaletteTests.xctest */,
				942BA9FE1E655F0900F8DD8D /* MaterialColourPaletteUITests.xctest */,
			);
			name = Products;
			sourceTree = "<group>";
		};
		942BA9E11E655F0900F8DD8D /* MaterialColourPalette */ = {
			isa = PBXGroup;
			children = (
				942BA9E21E655F0900F8DD8D /* AppDelegate.swift */,
				942BAA121E65647300F8DD8D /* MaterialColours.swift */,
				942BA9E61E655F0900F8DD8D /* Main.storyboard */,
				942BAA141E65800500F8DD8D /* SingleColourPaletteTableViewController.swift */,
				942BAA101E65601700F8DD8D /* ColourGroupsListTableViewController.swift */,
				942BA9E91E655F0900F8DD8D /* Assets.xcassets */,
				942BA9EB1E655F0900F8DD8D /* LaunchScreen.storyboard */,
				942BA9EE1E655F0900F8DD8D /* Info.plist */,
			);
			path = MaterialColourPalette;
			sourceTree = "<group>";
		};
		942BA9F61E655F0900F8DD8D /* MaterialColourPaletteTests */ = {
			isa = PBXGroup;
			children = (
				942BA9F71E655F0900F8DD8D /* MaterialColourPaletteTests.swift */,
				942BA9F91E655F0900F8DD8D /* Info.plist */,
			);
			path = MaterialColourPaletteTests;
			sourceTree = "<group>";
		};
		942BAA011E655F0900F8DD8D /* MaterialColourPaletteUITests */ = {
			isa = PBXGroup;
			children = (
				942BAA021E655F0900F8DD8D /* MaterialColourPaletteUITests.swift */,
				942BAA041E655F0900F8DD8D /* Info.plist */,
			);
			path = MaterialColourPaletteUITests;
			sourceTree = "<group>";
		};
/* End PBXGroup section */

/* Begin PBXNativeTarget section */
		942BA9DE1E655F0900F8DD8D /* MaterialColourPalette */ = {
			isa = PBXNativeTarget;
			buildConfigurationList = 942BAA071E655F0900F8DD8D /* Build configuration list for PBXNativeTarget "MaterialColourPalette" */;
			buildPhases = (
				942BA9DB1E655F0900F8DD8D /* Sources */,
				942BA9DC1E655F0900F8DD8D /* Frameworks */,
				942BA9DD1E655F0900F8DD8D /* Resources */,
			);
			buildRules = (
			);
			dependencies = (
			);
			name = MaterialColourPalette;
			productName = MaterialColourPalette;
			productReference = 942BA9DF1E655F0900F8DD8D /* MaterialColourPalette.app */;
			productType = "com.apple.product-type.application";
		};
		942BA9F21E655F0900F8DD8D /* MaterialColourPaletteTests */ = {
			isa = PBXNativeTarget;
			buildConfigurationList = 942BAA0A1E655F0900F8DD8D /* Build configuration list for PBXNativeTarget "MaterialColourPaletteTests" */;
			buildPhases = (
				942BA9EF1E655F0900F8DD8D /* Sources */,
				942BA9F01E655F0900F8DD8D /* Frameworks */,
				942BA9F11E655F0900F8DD8D /* Resources */,
			);
			buildRules = (
			);
			dependencies = (
				942BA9F51E655F0900F8DD8D /* PBXTargetDependency */,
			);
			name = MaterialColourPaletteTests;
			productName = MaterialColourPaletteTests;
			productReference = 942BA9F31E655F0900F8DD8D /* MaterialColourPaletteTests.xctest */;
			productType = "com.apple.product-type.bundle.unit-test";
		};
		942BA9FD1E655F0900F8DD8D /* MaterialColourPaletteUITests */ = {
			isa = PBXNativeTarget;
			buildConfigurationList = 942BAA0D1E655F0900F8DD8D /* Build configuration list for PBXNativeTarget "MaterialColourPaletteUITests" */;
			buildPhases = (
				942BA9FA1E655F0900F8DD8D /* Sources */,
				942BA9FB1E655F0900F8DD8D /* Frameworks */,
				942BA9FC1E655F0900F8DD8D /* Resources */,
			);
			buildRules = (
			);
			dependencies = (
				942BAA001E655F0900F8DD8D /* PBXTargetDependency */,
			);
			name = MaterialColourPaletteUITests;
			productName = MaterialColourPaletteUITests;
			productReference = 942BA9FE1E655F0900F8DD8D /* MaterialColourPaletteUITests.xctest */;
			productType = "com.apple.product-type.bundle.ui-testing";
		};
/* End PBXNativeTarget section */

/* Begin PBXProject section */
		942BA9D71E655F0900F8DD8D /* Project object */ = {
			isa = PBXProject;
			attributes = {
				LastSwiftUpdateCheck = 0820;
				LastUpgradeCheck = 0820;
				ORGANIZATIONNAME = "Stanislav Sysoev";
				TargetAttributes = {
					942BA9DE1E655F0900F8DD8D = {
						CreatedOnToolsVersion = 8.2.1;
						DevelopmentTeam = LAM2E72NZF;
						ProvisioningStyle = Automatic;
					};
					942BA9F21E655F0900F8DD8D = {
						CreatedOnToolsVersion = 8.2.1;
						DevelopmentTeam = LAM2E72NZF;
						ProvisioningStyle = Automatic;
						TestTargetID = 942BA9DE1E655F0900F8DD8D;
					};
					942BA9FD1E655F0900F8DD8D = {
						CreatedOnToolsVersion = 8.2.1;
						DevelopmentTeam = LAM2E72NZF;
						ProvisioningStyle = Automatic;
						TestTargetID = 942BA9DE1E655F0900F8DD8D;
					};
				};
			};
			buildConfigurationList = 942BA9DA1E655F0900F8DD8D /* Build configuration list for PBXProject "MaterialColourPalette" */;
			compatibilityVersion = "Xcode 3.2";
			developmentRegion = English;
			hasScannedForEncodings = 0;
			knownRegions = (
				en,
				Base,
			);
			mainGroup = 942BA9D61E655F0900F8DD8D;
			productRefGroup = 942BA9E01E655F0900F8DD8D /* Products */;
			projectDirPath = "";
			projectRoot = "";
			targets = (
				942BA9DE1E655F0900F8DD8D /* MaterialColourPalette */,
				942BA9F21E655F0900F8DD8D /* MaterialColourPaletteTests */,
				942BA9FD1E655F0900F8DD8D /* MaterialColourPaletteUITests */,
			);
		};
/* End PBXProject section */

/* Begin PBXResourcesBuildPhase section */
		942BA9DD1E655F0900F8DD8D /* Resources */ = {
			isa = PBXResourcesBuildPhase;
			buildActionMask = 2147483647;
			files = (
				942BA9ED1E655F0900F8DD8D /* LaunchScreen.storyboard in Resources */,
				942BA9EA1E655F0900F8DD8D /* Assets.xcassets in Resources */,
				942BA9E81E655F0900F8DD8D /* Main.storyboard in Resources */,
			);
			runOnlyForDeploymentPostprocessing = 0;
		};
		942BA9F11E655F0900F8DD8D /* Resources */ = {
			isa = PBXResourcesBuildPhase;
			buildActionMask = 2147483647;
			files = (
			);
			runOnlyForDeploymentPostprocessing = 0;
		};
		942BA9FC1E655F0900F8DD8D /* Resources */ = {
			isa = PBXResourcesBuildPhase;
			buildActionMask = 2147483647;
			files = (
			);
			runOnlyForDeploymentPostprocessing = 0;
		};
/* End PBXResourcesBuildPhase section */

/* Begin PBXSourcesBuildPhase section */
		942BA9DB1E655F0900F8DD8D /* Sources */ = {
			isa = PBXSourcesBuildPhase;
			buildActionMask = 2147483647;
			files = (
				942BA9E31E655F0900F8DD8D /* AppDelegate.swift in Sources */,
				942BAA131E65647300F8DD8D /* MaterialColours.swift in Sources */,
				942BAA111E65601700F8DD8D /* ColourGroupsListTableViewController.swift in Sources */,
				942BAA151E65800500F8DD8D /* SingleColourPaletteTableViewController.swift in Sources */,
			);
			runOnlyForDeploymentPostprocessing = 0;
		};
		942BA9EF1E655F0900F8DD8D /* Sources */ = {
			isa = PBXSourcesBuildPhase;
			buildActionMask = 2147483647;
			files = (
				942BA9F81E655F0900F8DD8D /* MaterialColourPaletteTests.swift in Sources */,
			);
			runOnlyForDeploymentPostprocessing = 0;
		};
		942BA9FA1E655F0900F8DD8D /* Sources */ = {
			isa = PBXSourcesBuildPhase;
			buildActionMask = 2147483647;
			files = (
				942BAA031E655F0900F8DD8D /* MaterialColourPaletteUITests.swift in Sources */,
			);
			runOnlyForDeploymentPostprocessing = 0;
		};
/* End PBXSourcesBuildPhase section */

/* Begin PBXTargetDependency section */
		942BA9F51E655F0900F8DD8D /* PBXTargetDependency */ = {
			isa = PBXTargetDependency;
			target = 942BA9DE1E655F0900F8DD8D /* MaterialColourPalette */;
			targetProxy = 942BA9F41E655F0900F8DD8D /* PBXContainerItemProxy */;
		};
		942BAA001E655F0900F8DD8D /* PBXTargetDependency */ = {
			isa = PBXTargetDependency;
			target = 942BA9DE1E655F0900F8DD8D /* MaterialColourPalette */;
			targetProxy = 942BA9FF1E655F0900F8DD8D /* PBXContainerItemProxy */;
		};
/* End PBXTargetDependency section */

/* Begin PBXVariantGroup section */
		942BA9E61E655F0900F8DD8D /* Main.storyboard */ = {
			isa = PBXVariantGroup;
			children = (
				942BA9E71E655F0900F8DD8D /* Base */,
			);
			name = Main.storyboard;
			sourceTree = "<group>";
		};
		942BA9EB1E655F0900F8DD8D /* LaunchScreen.storyboard */ = {
			isa = PBXVariantGroup;
			children = (
				942BA9EC1E655F0900F8DD8D /* Base */,
			);
			name = LaunchScreen.storyboard;
			sourceTree = "<group>";
		};
/* End PBXVariantGroup section */

/* Begin XCBuildConfiguration section */
		942BAA051E655F0900F8DD8D /* Debug */ = {
			isa = XCBuildConfiguration;
			buildSettings = {
				ALWAYS_SEARCH_USER_PATHS = NO;
				CLANG_ANALYZER_NONNULL = YES;
				CLANG_CXX_LANGUAGE_STANDARD = "gnu++0x";
				CLANG_CXX_LIBRARY = "libc++";
				CLANG_ENABLE_MODULES = YES;
				CLANG_ENABLE_OBJC_ARC = YES;
				CLANG_WARN_BOOL_CONVERSION = YES;
				CLANG_WARN_CONSTANT_CONVERSION = YES;
				CLANG_WARN_DIRECT_OBJC_ISA_USAGE = YES_ERROR;
				CLANG_WARN_DOCUMENTATION_COMMENTS = YES;
				CLANG_WARN_EMPTY_BODY = YES;
				CLANG_WARN_ENUM_CONVERSION = YES;
				CLANG_WARN_INFINITE_RECURSION = YES;
				CLANG_WARN_INT_CONVERSION = YES;
				CLANG_WARN_OBJC_ROOT_CLASS = YES_ERROR;
				CLANG_WARN_SUSPICIOUS_MOVE = YES;
				CLANG_WARN_UNREACHABLE_CODE = YES;
				CLANG_WARN__DUPLICATE_METHOD_MATCH = YES;
				"CODE_SIGN_IDENTITY[sdk=iphoneos*]" = "iPhone Developer";
				COPY_PHASE_STRIP = NO;
				DEBUG_INFORMATION_FORMAT = dwarf;
				ENABLE_STRICT_OBJC_MSGSEND = YES;
				ENABLE_TESTABILITY = YES;
				GCC_C_LANGUAGE_STANDARD = gnu99;
				GCC_DYNAMIC_NO_PIC = NO;
				GCC_NO_COMMON_BLOCKS = YES;
				GCC_OPTIMIZATION_LEVEL = 0;
				GCC_PREPROCESSOR_DEFINITIONS = (
					"DEBUG=1",
					"$(inherited)",
				);
				GCC_WARN_64_TO_32_BIT_CONVERSION = YES;
				GCC_WARN_ABOUT_RETURN_TYPE = YES_ERROR;
				GCC_WARN_UNDECLARED_SELECTOR = YES;
				GCC_WARN_UNINITIALIZED_AUTOS = YES_AGGRESSIVE;
				GCC_WARN_UNUSED_FUNCTION = YES;
				GCC_WARN_UNUSED_VARIABLE = YES;
				IPHONEOS_DEPLOYMENT_TARGET = 10.2;
				MTL_ENABLE_DEBUG_INFO = YES;
				ONLY_ACTIVE_ARCH = YES;
				SDKROOT = iphoneos;
				SWIFT_ACTIVE_COMPILATION_CONDITIONS = DEBUG;
				SWIFT_OPTIMIZATION_LEVEL = "-Onone";
			};
			name = Debug;
		};
		942BAA061E655F0900F8DD8D /* Release */ = {
			isa = XCBuildConfiguration;
			buildSettings = {
				ALWAYS_SEARCH_USER_PATHS = NO;
				CLANG_ANALYZER_NONNULL = YES;
				CLANG_CXX_LANGUAGE_STANDARD = "gnu++0x";
				CLANG_CXX_LIBRARY = "libc++";
				CLANG_ENABLE_MODULES = YES;
				CLANG_ENABLE_OBJC_ARC = YES;
				CLANG_WARN_BOOL_CONVERSION = YES;
				CLANG_WARN_CONSTANT_CONVERSION = YES;
				CLANG_WARN_DIRECT_OBJC_ISA_USAGE = YES_ERROR;
				CLANG_WARN_DOCUMENTATION_COMMENTS = YES;
				CLANG_WARN_EMPTY_BODY = YES;
				CLANG_WARN_ENUM_CONVERSION = YES;
				CLANG_WARN_INFINITE_RECURSION = YES;
				CLANG_WARN_INT_CONVERSION = YES;
				CLANG_WARN_OBJC_ROOT_CLASS = YES_ERROR;
				CLANG_WARN_SUSPICIOUS_MOVE = YES;
				CLANG_WARN_UNREACHABLE_CODE = YES;
				CLANG_WARN__DUPLICATE_METHOD_MATCH = YES;
				"CODE_SIGN_IDENTITY[sdk=iphoneos*]" = "iPhone Developer";
				COPY_PHASE_STRIP = NO;
				DEBUG_INFORMATION_FORMAT = "dwarf-with-dsym";
				ENABLE_NS_ASSERTIONS = NO;
				ENABLE_STRICT_OBJC_MSGSEND = YES;
				GCC_C_LANGUAGE_STANDARD = gnu99;
				GCC_NO_COMMON_BLOCKS = YES;
				GCC_WARN_64_TO_32_BIT_CONVERSION = YES;
				GCC_WARN_ABOUT_RETURN_TYPE = YES_ERROR;
				GCC_WARN_UNDECLARED_SELECTOR = YES;
				GCC_WARN_UNINITIALIZED_AUTOS = YES_AGGRESSIVE;
				GCC_WARN_UNUSED_FUNCTION = YES;
				GCC_WARN_UNUSED_VARIABLE = YES;
				IPHONEOS_DEPLOYMENT_TARGET = 10.2;
				MTL_ENABLE_DEBUG_INFO = NO;
				SDKROOT = iphoneos;
				SWIFT_OPTIMIZATION_LEVEL = "-Owholemodule";
				VALIDATE_PRODUCT = YES;
			};
			name = Release;
		};
		942BAA081E655F0900F8DD8D /* Debug */ = {
			isa = XCBuildConfiguration;
			buildSettings = {
				ASSETCATALOG_COMPILER_APPICON_NAME = AppIcon;
				DEVELOPMENT_TEAM = LAM2E72NZF;
				INFOPLIST_FILE = MaterialColourPalette/Info.plist;
				LD_RUNPATH_SEARCH_PATHS = "$(inherited) @executable_path/Frameworks";
				PRODUCT_BUNDLE_IDENTIFIER = org.sysoev.MaterialColourPalette;
				PRODUCT_NAME = "$(TARGET_NAME)";
				SWIFT_VERSION = 3.0;
			};
			name = Debug;
		};
		942BAA091E655F0900F8DD8D /* Release */ = {
			isa = XCBuildConfiguration;
			buildSettings = {
				ASSETCATALOG_COMPILER_APPICON_NAME = AppIcon;
				DEVELOPMENT_TEAM = LAM2E72NZF;
				INFOPLIST_FILE = MaterialColourPalette/Info.plist;
				LD_RUNPATH_SEARCH_PATHS = "$(inherited) @executable_path/Frameworks";
				PRODUCT_BUNDLE_IDENTIFIER = org.sysoev.MaterialColourPalette;
				PRODUCT_NAME = "$(TARGET_NAME)";
				SWIFT_VERSION = 3.0;
			};
			name = Release;
		};
		942BAA0B1E655F0900F8DD8D /* Debug */ = {
			isa = XCBuildConfiguration;
			buildSettings = {
				ALWAYS_EMBED_SWIFT_STANDARD_LIBRARIES = YES;
				BUNDLE_LOADER = "$(TEST_HOST)";
				DEVELOPMENT_TEAM = LAM2E72NZF;
				INFOPLIST_FILE = MaterialColourPaletteTests/Info.plist;
				LD_RUNPATH_SEARCH_PATHS = "$(inherited) @executable_path/Frameworks @loader_path/Frameworks";
				PRODUCT_BUNDLE_IDENTIFIER = org.sysoev.MaterialColourPaletteTests;
				PRODUCT_NAME = "$(TARGET_NAME)";
				SWIFT_VERSION = 3.0;
				TEST_HOST = "$(BUILT_PRODUCTS_DIR)/MaterialColourPalette.app/MaterialColourPalette";
			};
			name = Debug;
		};
		942BAA0C1E655F0900F8DD8D /* Release */ = {
			isa = XCBuildConfiguration;
			buildSettings = {
				ALWAYS_EMBED_SWIFT_STANDARD_LIBRARIES = YES;
				BUNDLE_LOADER = "$(TEST_HOST)";
				DEVELOPMENT_TEAM = LAM2E72NZF;
				INFOPLIST_FILE = MaterialColourPaletteTests/Info.plist;
				LD_RUNPATH_SEARCH_PATHS = "$(inherited) @executable_path/Frameworks @loader_path/Frameworks";
				PRODUCT_BUNDLE_IDENTIFIER = org.sysoev.MaterialColourPaletteTests;
				PRODUCT_NAME = "$(TARGET_NAME)";
				SWIFT_VERSION = 3.0;
				TEST_HOST = "$(BUILT_PRODUCTS_DIR)/MaterialColourPalette.app/MaterialColourPalette";
			};
			name = Release;
		};
		942BAA0E1E655F0900F8DD8D /* Debug */ = {
			isa = XCBuildConfiguration;
			buildSettings = {
				ALWAYS_EMBED_SWIFT_STANDARD_LIBRARIES = YES;
				DEVELOPMENT_TEAM = LAM2E72NZF;
				INFOPLIST_FILE = MaterialColourPaletteUITests/Info.plist;
				LD_RUNPATH_SEARCH_PATHS = "$(inherited) @executable_path/Frameworks @loader_path/Frameworks";
				PRODUCT_BUNDLE_IDENTIFIER = org.sysoev.MaterialColourPaletteUITests;
				PRODUCT_NAME = "$(TARGET_NAME)";
				SWIFT_VERSION = 3.0;
				TEST_TARGET_NAME = MaterialColourPalette;
			};
			name = Debug;
		};
		942BAA0F1E655F0900F8DD8D /* Release */ = {
			isa = XCBuildConfiguration;
			buildSettings = {
				ALWAYS_EMBED_SWIFT_STANDARD_LIBRARIES = YES;
				DEVELOPMENT_TEAM = LAM2E72NZF;
				INFOPLIST_FILE = MaterialColourPaletteUITests/Info.plist;
				LD_RUNPATH_SEARCH_PATHS = "$(inherited) @executable_path/Frameworks @loader_path/Frameworks";
				PRODUCT_BUNDLE_IDENTIFIER = org.sysoev.MaterialColourPaletteUITests;
				PRODUCT_NAME = "$(TARGET_NAME)";
				SWIFT_VERSION = 3.0;
				TEST_TARGET_NAME = MaterialColourPalette;
			};
			name = Release;
		};
/* End XCBuildConfiguration section */

/* Begin XCConfigurationList section */
		942BA9DA1E655F0900F8DD8D /* Build configuration list for PBXProject "MaterialColourPalette" */ = {
			isa = XCConfigurationList;
			buildConfigurations = (
				942BAA051E655F0900F8DD8D /* Debug */,
				942BAA061E655F0900F8DD8D /* Release */,
			);
			defaultConfigurationIsVisible = 0;
			defaultConfigurationName = Release;
		};
		942BAA071E655F0900F8DD8D /* Build configuration list for PBXNativeTarget "MaterialColourPalette" */ = {
			isa = XCConfigurationList;
			buildConfigurations = (
				942BAA081E655F0900F8DD8D /* Debug */,
				942BAA091E655F0900F8DD8D /* Release */,
			);
			defaultConfigurationIsVisible = 0;
		};
		942BAA0A1E655F0900F8DD8D /* Build configuration list for PBXNativeTarget "MaterialColourPaletteTests" */ = {
			isa = XCConfigurationList;
			buildConfigurations = (
				942BAA0B1E655F0900F8DD8D /* Debug */,
				942BAA0C1E655F0900F8DD8D /* Release */,
			);
			defaultConfigurationIsVisible = 0;
		};
		942BAA0D1E655F0900F8DD8D /* Build configuration list for PBXNativeTarget "MaterialColourPaletteUITests" */ = {
			isa = XCConfigurationList;
			buildConfigurations = (
				942BAA0E1E655F0900F8DD8D /* Debug */,
				942BAA0F1E655F0900F8DD8D /* Release */,
			);
			defaultConfigurationIsVisible = 0;
		};
/* End XCConfigurationList section */
	};
	rootObject = 942BA9D71E655F0900F8DD8D /* Project object */;
}
